{
    "version": 3,
    "terraform_version": "0.11.0",
    "serial": 9,
    "lineage": "d4e365d4-df2b-49d4-9012-f1f7062899dc",
    "modules": [
        {
            "path": [
                "root"
            ],
            "outputs": {},
            "resources": {
                "aws_instance.portal": {
                    "type": "aws_instance",
                    "depends_on": [
                        "aws_key_pair.ssh-key"
                    ],
                    "primary": {
                        "id": "i-0576898ccbd6033e9",
                        "attributes": {
                            "ami": "ami-13be557e",
                            "associate_public_ip_address": "true",
                            "availability_zone": "us-east-1d",
                            "disable_api_termination": "false",
                            "ebs_block_device.#": "0",
                            "ebs_optimized": "false",
                            "ephemeral_block_device.#": "0",
                            "iam_instance_profile": "",
                            "id": "i-0576898ccbd6033e9",
                            "instance_state": "running",
                            "instance_type": "t2.micro",
                            "ipv6_addresses.#": "0",
                            "key_name": "mykey",
                            "monitoring": "false",
                            "network_interface.#": "0",
                            "network_interface_id": "eni-99394710",
                            "placement_group": "",
                            "primary_network_interface_id": "eni-99394710",
                            "private_dns": "ip-172-31-38-133.ec2.internal",
                            "private_ip": "172.31.38.133",
                            "public_dns": "ec2-34-235-170-64.compute-1.amazonaws.com",
                            "public_ip": "34.235.170.64",
                            "root_block_device.#": "1",
                            "root_block_device.0.delete_on_termination": "true",
                            "root_block_device.0.iops": "100",
                            "root_block_device.0.volume_size": "8",
                            "root_block_device.0.volume_type": "gp2",
                            "security_groups.#": "1",
                            "security_groups.3814588639": "default",
                            "source_dest_check": "true",
                            "subnet_id": "subnet-3ccd1261",
                            "tags.%": "0",
                            "tenancy": "default",
                            "volume_tags.%": "0",
                            "vpc_security_group_ids.#": "0"
                        },
                        "meta": {
                            "e2bfb730-ecaa-11e6-8f88-34363bc7c4c0": {
                                "create": 600000000000,
                                "delete": 600000000000,
                                "update": 600000000000
                            },
                            "schema_version": "1"
                        },
                        "tainted": false
                    },
                    "deposed": [],
                    "provider": "provider.aws"
                },
                "aws_instance.vcc": {
                    "type": "aws_instance",
                    "depends_on": [
                        "aws_key_pair.ssh-key"
                    ],
                    "primary": {
                        "id": "i-06ffd7a5bd245c44f",
                        "attributes": {
                            "ami": "ami-13be557e",
                            "associate_public_ip_address": "true",
                            "availability_zone": "us-east-1d",
                            "disable_api_termination": "false",
                            "ebs_block_device.#": "0",
                            "ebs_optimized": "false",
                            "ephemeral_block_device.#": "0",
                            "iam_instance_profile": "",
                            "id": "i-06ffd7a5bd245c44f",
                            "instance_state": "running",
                            "instance_type": "t2.micro",
                            "ipv6_addresses.#": "0",
                            "key_name": "mykey",
                            "monitoring": "false",
                            "network_interface.#": "0",
                            "network_interface_id": "eni-0339478a",
                            "placement_group": "",
                            "primary_network_interface_id": "eni-0339478a",
                            "private_dns": "ip-172-31-40-35.ec2.internal",
                            "private_ip": "172.31.40.35",
                            "public_dns": "ec2-107-21-90-79.compute-1.amazonaws.com",
                            "public_ip": "107.21.90.79",
                            "root_block_device.#": "1",
                            "root_block_device.0.delete_on_termination": "true",
                            "root_block_device.0.iops": "100",
                            "root_block_device.0.volume_size": "8",
                            "root_block_device.0.volume_type": "gp2",
                            "security_groups.#": "1",
                            "security_groups.3814588639": "default",
                            "source_dest_check": "true",
                            "subnet_id": "subnet-3ccd1261",
                            "tags.%": "0",
                            "tenancy": "default",
                            "volume_tags.%": "0",
                            "vpc_security_group_ids.#": "0"
                        },
                        "meta": {
                            "e2bfb730-ecaa-11e6-8f88-34363bc7c4c0": {
                                "create": 600000000000,
                                "delete": 600000000000,
                                "update": 600000000000
                            },
                            "schema_version": "1"
                        },
                        "tainted": false
                    },
                    "deposed": [],
                    "provider": "provider.aws"
                },
                "aws_key_pair.ssh-key": {
                    "type": "aws_key_pair",
                    "depends_on": [],
                    "primary": {
                        "id": "mykey",
                        "attributes": {
                            "id": "mykey",
                            "key_name": "mykey",
                            "public_key": "ssh-rsa AAAAB3NzaC1yc2EAAAADAQABAAABAQC1MfaEeBD1d3W0ryH+NE3qNBU0FeFgVsG93ql6kUoDzXd0200Z6UE8U1S68xmjJ3LC361BKJm/5288RyVe9nF+gE7Qkpjd8hWaKoDeFpUEC67GZuhfUF6CdNZajviWLGVbzEdyxdDBSWIfsPaDOLjjt18R38qITUAieY8WN2Gb/SxiYO9zEFPm4+8WWXhEbN7Kn7iWSlmJAKjecUS38/a856Io5jpkSG+0ZkKImKX5f/pR9joVDbD7AnpvRKxLBN0CzzW6Ke8cUTWzmknbofRrXMwHmvL7EpVNKe/dQ4fjAT0UtktkHda/nWL29e18kcv5wjoehv6hS/p2C7IJiyJl mohammad.ayub@LON-M-T19492-8"
                        },
                        "meta": {
                            "schema_version": "1"
                        },
                        "tainted": false
                    },
                    "deposed": [],
                    "provider": "provider.aws"
                }
            },
            "depends_on": []
        }
    ]
}
