{
    "version": 3,
    "terraform_version": "0.11.0",
    "serial": 3,
    "lineage": "4b72b2c2-7fe0-45f5-af0e-c6b8749f5d31",
    "modules": [
        {
            "path": [
                "root"
            ],
            "outputs": {},
            "resources": {
                "aws_instance.example": {
                    "type": "aws_instance",
                    "depends_on": [],
                    "primary": {
                        "id": "i-0b425798ac9b3dd33",
                        "attributes": {
                            "ami": "ami-0d729a60",
                            "associate_public_ip_address": "true",
                            "availability_zone": "us-east-1d",
                            "disable_api_termination": "false",
                            "ebs_block_device.#": "0",
                            "ebs_optimized": "false",
                            "ephemeral_block_device.#": "0",
                            "iam_instance_profile": "",
                            "id": "i-0b425798ac9b3dd33",
                            "instance_state": "running",
                            "instance_type": "t2.micro",
                            "ipv6_addresses.#": "0",
                            "key_name": "",
                            "monitoring": "false",
                            "network_interface.#": "0",
                            "network_interface_id": "eni-4e6419c7",
                            "placement_group": "",
                            "primary_network_interface_id": "eni-4e6419c7",
                            "private_dns": "ip-172-31-47-192.ec2.internal",
                            "private_ip": "172.31.47.192",
                            "public_dns": "ec2-34-229-104-155.compute-1.amazonaws.com",
                            "public_ip": "34.229.104.155",
                            "root_block_device.#": "1",
                            "root_block_device.0.delete_on_termination": "true",
                            "root_block_device.0.iops": "0",
                            "root_block_device.0.volume_size": "8",
                            "root_block_device.0.volume_type": "standard",
                            "security_groups.#": "1",
                            "security_groups.3814588639": "default",
                            "source_dest_check": "true",
                            "subnet_id": "subnet-3ccd1261",
                            "tags.%": "0",
                            "tenancy": "default",
                            "volume_tags.%": "0",
                            "vpc_security_group_ids.#": "0"
                        },
                        "meta": {
                            "e2bfb730-ecaa-11e6-8f88-34363bc7c4c0": {
                                "create": 600000000000,
                                "delete": 600000000000,
                                "update": 600000000000
                            },
                            "schema_version": "1"
                        },
                        "tainted": false
                    },
                    "deposed": [],
                    "provider": "provider.aws"
                }
            },
            "depends_on": []
        }
    ]
}
